version = 1
tool = "anvil"
tool_version = "0.2.1"
catalog_checksum = "sha256:850b9865ad2be2f70037e03a09688e0f490cc7ea9836fc5548e85070a83f8afd"

[[file]]
path = ".github/actions/anvil-impact/action.yml"
checksum = "sha256:2804dbda7fb38d005c2dccd193172ea631c3731a926fb5e51a44038665546ea6"

[[file]]
path = ".github/actions/anvil-pr-fast/action.yml"
checksum = "sha256:078ed852a84cff01b50fc8a36e413f6c864b920eb7071954693535997badf798"

[[file]]
path = ".github/actions/anvil-pr-mutants/action.yml"
checksum = "sha256:6d16e1ac8c46bcc4181dce66f2a78123c9b0b64482d283e33a2a99aeea606269"

[[file]]
path = ".github/actions/anvil-pr-runtime-analysis/action.yml"
checksum = "sha256:71f0512d5f83d5b94ae214518446ea72b2a0cf98690822a508ded7a40e629e83"

[[file]]
path = ".github/actions/anvil-pr-test/action.yml"
checksum = "sha256:af5a5cabb5ac55cbc059990082580905be6302e3d652afc86df4f684e4a64501"

[[file]]
path = ".github/actions/anvil-scheduled-advisories/action.yml"
checksum = "sha256:5addd398bec8d44d9656f9e87a2d8edfe42e40791515021647dbc17a59e6e0f6"

[[file]]
path = ".github/actions/anvil-scheduled-exhaustive/action.yml"
checksum = "sha256:d5639c2c6f67fa47322b75ff6d07fe442747e15288df07ced1e37ce7abcfc8bb"

[[file]]
path = ".github/actions/anvil-scheduled-runtime-analysis/action.yml"
checksum = "sha256:e0843f92238833a89999754959815d9ffe218a1faa8cbb21d04ece10b8993f5f"

[[file]]
path = ".github/actions/anvil-scheduled-test/action.yml"
checksum = "sha256:3e6bd7f1471b3032a2beaabb7731cc76ba0163d3124774a1fc968f6317c9911b"

[[file]]
path = ".github/actions/anvil-setup/action.yml"
checksum = "sha256:74ee6014afe71ddd3319adaad4b747b2bca01be9366e51d0aa4a6e32208512e0"

[[file]]
path = ".github/workflows/anvil-pr-impl.yml"
checksum = "sha256:24f3c918df3d63c6e72c26a997dabc84c0c4bc7e42bd7cf2043d13565382d244"

[[file]]
path = ".github/workflows/anvil-pr.yml"
checksum = "sha256:14c3541e39a7918497cb400ea20232340bc056da6d862a951568c09e32f4f2f7"

[[file]]
path = ".github/workflows/anvil-scheduled-impl.yml"
checksum = "sha256:eb645acdd078d24ff601ece7523455cdb41a11736b0febb06e1d862e402532d7"

[[file]]
path = ".github/workflows/anvil-scheduled.yml"
checksum = "sha256:a45359b92a6d851fc39bfa1c03aeb489b544ae37a1cea390dbbf860b2def8205"

[[file]]
path = "justfiles/anvil/checks/aprz.just"
checksum = "sha256:3de013a266d2f1ca7adf9bfc1225585ca283ceb1b7f76a8b00f5b1032c41718f"

[[file]]
path = "justfiles/anvil/checks/audit.just"
checksum = "sha256:08907b0e8e3ba1230136b0749a7183d21b1a8d3ffdb70e9c71f98da4f19a7659"

[[file]]
path = "justfiles/anvil/checks/bench.just"
checksum = "sha256:399dd76b5fb46aada98438f32342f7542fca96f4768ad9002faeeca360ef1b82"

[[file]]
path = "justfiles/anvil/checks/bolero.just"
checksum = "sha256:61cdeba119b49e97b46fb199cd1744b7cb6161da7da7d33f0c1588644b897110"

[[file]]
path = "justfiles/anvil/checks/careful.just"
checksum = "sha256:eadac52f4c3ecd9b701693dba1ae18c5276d314e6a681a47b9a3a2d524145829"

[[file]]
path = "justfiles/anvil/checks/cargo-hack.just"
checksum = "sha256:da503751b18d3c154050383b62b6e6592c6afdeac505fe51741ab54a1fb57178"

[[file]]
path = "justfiles/anvil/checks/cargo-sort.just"
checksum = "sha256:fcb640f821d2fe017855614d5901b255c9c654292e1d303a1c5515264348998d"

[[file]]
path = "justfiles/anvil/checks/clippy.just"
checksum = "sha256:5f6be31aac5cb10f28c6b8583fd7ec5a464a7d27c9b8aeb2d3026b951fb48965"

[[file]]
path = "justfiles/anvil/checks/deny.just"
checksum = "sha256:1ddcf51428d0e8715f8f408d60fc3bbcf9674e3dbd6036881758898e447e6b2b"

[[file]]
path = "justfiles/anvil/checks/doc-build.just"
checksum = "sha256:6e12ada79c84f2fc769fbc59e4aeda9e81c66a82b8e2197bd5cfc28bf5c6d4a5"

[[file]]
path = "justfiles/anvil/checks/doc-test.just"
checksum = "sha256:20f2a3e3117c0155a68792085c24a2144c8a67f4ca2567eb4b1014662cb3f169"

[[file]]
path = "justfiles/anvil/checks/ensure-no-cyclic-deps.just"
checksum = "sha256:925062458b01122282267aee4d06dca2bc94026dc28d9d1794593e92a4951921"

[[file]]
path = "justfiles/anvil/checks/ensure-no-default-features.just"
checksum = "sha256:d4e44160f670908523badde619ae5966f64910dc118ee51fbbb7bde25a1295d3"

[[file]]
path = "justfiles/anvil/checks/examples.just"
checksum = "sha256:f6d5f2a85d59aac0af3991bd8dbc7f18ab080a32915285c1964a1b7f835ca367"

[[file]]
path = "justfiles/anvil/checks/external-types.just"
checksum = "sha256:6067700daf4c882ef70f01e2398ef1016ab6f6557b21d64c0c18c1daf98acea0"

[[file]]
path = "justfiles/anvil/checks/fmt.just"
checksum = "sha256:d08f6505ebe9db3cb475db6c6af45d45935ebeec446451cd72307352d032883b"

[[file]]
path = "justfiles/anvil/checks/license-headers.just"
checksum = "sha256:25b08d25e7847b0006890fba1aa5dd16ae8f96a5d94f7aa25dc140e6c8291c7a"

[[file]]
path = "justfiles/anvil/checks/llvm-cov.just"
checksum = "sha256:f1afc18f8f4279b8cfcd8b4c9ba81fa96620b4d90ea7519a4811e0cb38855ed7"

[[file]]
path = "justfiles/anvil/checks/loom.just"
checksum = "sha256:43e94dd10601d7ad69d1af7f7d4bc6e549a0fa5088fa26fdb7df2d17928edd31"

[[file]]
path = "justfiles/anvil/checks/miri-race-coverage.just"
checksum = "sha256:a4f272d0d04d5294a300a301c1de01800ab57955864b420098c33dd0e64f20a5"

[[file]]
path = "justfiles/anvil/checks/miri-strict-provenance.just"
checksum = "sha256:8c717aef113dd7ae21325b1fb8693dfb15c761b84c225dd553281ca2dc02de3a"

[[file]]
path = "justfiles/anvil/checks/miri-tree-borrows.just"
checksum = "sha256:78de3f4148dacd0f4d52a0f0513e0a8e8d1e39d8e8f60de150a3d86a6bb4c7bb"

[[file]]
path = "justfiles/anvil/checks/miri.just"
checksum = "sha256:2e99cd26a3a915ab311756c8220239a7d5ab9e828bad82c33c35a2145c81fa80"

[[file]]
path = "justfiles/anvil/checks/mutants-diff.just"
checksum = "sha256:34bf5eeb90c51cc1e845d8bb4babea9e6cb17c53113d911ddc307289b712e545"

[[file]]
path = "justfiles/anvil/checks/mutants-full.just"
checksum = "sha256:04db5f2ed55caf0771995fd6411a385fb400fc54e37c155fc7eb9980019003ef"

[[file]]
path = "justfiles/anvil/checks/pr-title.just"
checksum = "sha256:4e9103cac25e3dbcf06719695dedf3e81ff1efcbe5bbbd6f891f180052304ce4"

[[file]]
path = "justfiles/anvil/checks/readme-check.just"
checksum = "sha256:cfb8fc73bc83d50329728bab29bb8236303209ad929915cef493bf6e3d8dc513"

[[file]]
path = "justfiles/anvil/checks/semver-check.just"
checksum = "sha256:85a7de32e79ae54b19a828a4c8c5cf3fe0fce7603e6b339e17ef185fd441f7dd"

[[file]]
path = "justfiles/anvil/checks/spellcheck.just"
checksum = "sha256:23d22e147c85b578d72099a8cd9c0d2412f8e41a941523e8505da361d51e88ae"

[[file]]
path = "justfiles/anvil/checks/udeps.just"
checksum = "sha256:2e8525feac8ef300f083ce6fc2163aafdf0d7e4343634a33dd4be83fe6905051"

[[file]]
path = "justfiles/anvil/groups/pr-fast.just"
checksum = "sha256:d14476aa665f592c7752bfc3714ef09ea73329c6bbefe3e578804453872a7cb0"

[[file]]
path = "justfiles/anvil/groups/pr-mutants.just"
checksum = "sha256:6e243490eb722deec55cee4e0bce9addc45107c0ca5c89b075c869f3fdbffe19"

[[file]]
path = "justfiles/anvil/groups/pr-runtime-analysis.just"
checksum = "sha256:17b08c6ae1117a4f43d8abe77403d1edf4603d9a03695d3b959c8fa49305b84c"

[[file]]
path = "justfiles/anvil/groups/pr-slow.just"
checksum = "sha256:9afd689153f9ce1aa3566e5ea00a77d13c24da5ff4080b83a2d7841fbbca13f2"

[[file]]
path = "justfiles/anvil/groups/pr-test.just"
checksum = "sha256:4bee750bc3325b7cf10794c5e9050de150856bf343a9772981604be25b5a3818"

[[file]]
path = "justfiles/anvil/groups/scheduled-advisories.just"
checksum = "sha256:d558a3a199c1bfa6b2bc9aca51e7ac5b509f953ce45aac34b4010667d29f1ed1"

[[file]]
path = "justfiles/anvil/groups/scheduled-exhaustive.just"
checksum = "sha256:15113024cece008d99d9c8d783bff6b57fa671faab38f48e7f3e40356d8867db"

[[file]]
path = "justfiles/anvil/groups/scheduled-runtime-analysis.just"
checksum = "sha256:56e765ec4b6e1a311425473268c3112e3ab63ed08a4006da88de9569df9d688e"

[[file]]
path = "justfiles/anvil/groups/scheduled-test.just"
checksum = "sha256:a39cd8449ae8df5c08b7ab7e0ca34550666db487b9e397fa08a0878c2ee5d381"

[[file]]
path = "justfiles/anvil/helpers.just"
checksum = "sha256:9f78c6a24ed6706cf834af582ce275d4f9fd0057b71677a4d9159412df3727c0"

[[file]]
path = "justfiles/anvil/mod.just"
checksum = "sha256:5f5947bb6e1424aa0bc764d9d75c32c69b0b333962d4c2a85b5f2dbe89b5315b"

[[file]]
path = "justfiles/anvil/tiers.just"
checksum = "sha256:da9da7cc5da62b48e4e9d15f274ef731eaa49d65ad35a056aa4f01c5e42f8350"

[[file]]
path = "justfiles/anvil/tools.just"
checksum = "sha256:d5aa37cad32dc2bf6b56836b08d0f7fa668494b30c85f49741967a0978b7aed2"

[[file]]
path = "justfiles/anvil/versions.just"
checksum = "sha256:62c33b15029c29ca3175e324774def26f9c860262c1fd271e34f6925ff7a248f"

[[region]]
host = ".delta.toml"
id = "anvil-delta"
checksum = "sha256:ef049abc4bba5e6dac7dfc07a4852d821de4682fe6ad46aace7ddfb2455cb597"

[[region]]
host = ".gitattributes"
id = "anvil-gitattributes"
checksum = "sha256:7d9051a56a2935a3fce2e4d8585fa5bb4ab8a89ace988cbdde77b52b0c4bcc9f"

[[region]]
host = "Cargo.toml"
id = "anvil-workspace-lints"
checksum = "sha256:8257f8c96103501ef0af020ce686ffcd7333fa5704f701b33758468baa9cdd98"

[[region]]
host = "clippy.toml"
id = "anvil-clippy"
checksum = "sha256:aba0733632eac4cb54c4768db578fe1f7b7cfe730aa0d7dc13e2828c9062d67d"

[[region]]
host = "crates/anyspawn/Cargo.toml"
id = "anvil-lints"
checksum = "sha256:2dd7c0f21339fd17092b8dedfe924aa86732c3520baab84f914c2d8f4103ac40"

[[region]]
host = "crates/anyspawn_azure/Cargo.toml"
id = "anvil-lints"
checksum = "sha256:2dd7c0f21339fd17092b8dedfe924aa86732c3520baab84f914c2d8f4103ac40"

[[region]]
host = "crates/automation/Cargo.toml"
id = "anvil-lints"
checksum = "sha256:2dd7c0f21339fd17092b8dedfe924aa86732c3520baab84f914c2d8f4103ac40"

[[region]]
host = "crates/bytesbuf/Cargo.toml"
id = "anvil-lints"
checksum = "sha256:2dd7c0f21339fd17092b8dedfe924aa86732c3520baab84f914c2d8f4103ac40"

[[region]]
host = "crates/bytesbuf_io/Cargo.toml"
id = "anvil-lints"
checksum = "sha256:2dd7c0f21339fd17092b8dedfe924aa86732c3520baab84f914c2d8f4103ac40"

[[region]]
host = "crates/cachet/Cargo.toml"
id = "anvil-lints"
checksum = "sha256:2dd7c0f21339fd17092b8dedfe924aa86732c3520baab84f914c2d8f4103ac40"

[[region]]
host = "crates/cachet_memory/Cargo.toml"
id = "anvil-lints"
checksum = "sha256:2dd7c0f21339fd17092b8dedfe924aa86732c3520baab84f914c2d8f4103ac40"

[[region]]
host = "crates/cachet_service/Cargo.toml"
id = "anvil-lints"
checksum = "sha256:2dd7c0f21339fd17092b8dedfe924aa86732c3520baab84f914c2d8f4103ac40"

[[region]]
host = "crates/cachet_tier/Cargo.toml"
id = "anvil-lints"
checksum = "sha256:2dd7c0f21339fd17092b8dedfe924aa86732c3520baab84f914c2d8f4103ac40"

[[region]]
host = "crates/data_privacy/Cargo.toml"
id = "anvil-lints"
checksum = "sha256:2dd7c0f21339fd17092b8dedfe924aa86732c3520baab84f914c2d8f4103ac40"

[[region]]
host = "crates/data_privacy_core/Cargo.toml"
id = "anvil-lints"
checksum = "sha256:2dd7c0f21339fd17092b8dedfe924aa86732c3520baab84f914c2d8f4103ac40"

[[region]]
host = "crates/data_privacy_macros/Cargo.toml"
id = "anvil-lints"
checksum = "sha256:2dd7c0f21339fd17092b8dedfe924aa86732c3520baab84f914c2d8f4103ac40"

[[region]]
host = "crates/data_privacy_macros_impl/Cargo.toml"
id = "anvil-lints"
checksum = "sha256:2dd7c0f21339fd17092b8dedfe924aa86732c3520baab84f914c2d8f4103ac40"

[[region]]
host = "crates/fetch/Cargo.toml"
id = "anvil-lints"
checksum = "sha256:2dd7c0f21339fd17092b8dedfe924aa86732c3520baab84f914c2d8f4103ac40"

[[region]]
host = "crates/fetch_azure/Cargo.toml"
id = "anvil-lints"
checksum = "sha256:2dd7c0f21339fd17092b8dedfe924aa86732c3520baab84f914c2d8f4103ac40"

[[region]]
host = "crates/fetch_hyper/Cargo.toml"
id = "anvil-lints"
checksum = "sha256:2dd7c0f21339fd17092b8dedfe924aa86732c3520baab84f914c2d8f4103ac40"

[[region]]
host = "crates/fetch_options/Cargo.toml"
id = "anvil-lints"
checksum = "sha256:2dd7c0f21339fd17092b8dedfe924aa86732c3520baab84f914c2d8f4103ac40"

[[region]]
host = "crates/fetch_tls/Cargo.toml"
id = "anvil-lints"
checksum = "sha256:2dd7c0f21339fd17092b8dedfe924aa86732c3520baab84f914c2d8f4103ac40"

[[region]]
host = "crates/fundle/Cargo.toml"
id = "anvil-lints"
checksum = "sha256:2dd7c0f21339fd17092b8dedfe924aa86732c3520baab84f914c2d8f4103ac40"

[[region]]
host = "crates/fundle_macros/Cargo.toml"
id = "anvil-lints"
checksum = "sha256:2dd7c0f21339fd17092b8dedfe924aa86732c3520baab84f914c2d8f4103ac40"

[[region]]
host = "crates/fundle_macros_impl/Cargo.toml"
id = "anvil-lints"
checksum = "sha256:2dd7c0f21339fd17092b8dedfe924aa86732c3520baab84f914c2d8f4103ac40"

[[region]]
host = "crates/http_extensions/Cargo.toml"
id = "anvil-lints"
checksum = "sha256:2dd7c0f21339fd17092b8dedfe924aa86732c3520baab84f914c2d8f4103ac40"

[[region]]
host = "crates/layered/Cargo.toml"
id = "anvil-lints"
checksum = "sha256:2dd7c0f21339fd17092b8dedfe924aa86732c3520baab84f914c2d8f4103ac40"

[[region]]
host = "crates/multitude/Cargo.toml"
id = "anvil-lints"
checksum = "sha256:2dd7c0f21339fd17092b8dedfe924aa86732c3520baab84f914c2d8f4103ac40"

[[region]]
host = "crates/ohno/Cargo.toml"
id = "anvil-lints"
checksum = "sha256:2dd7c0f21339fd17092b8dedfe924aa86732c3520baab84f914c2d8f4103ac40"

[[region]]
host = "crates/ohno_macros/Cargo.toml"
id = "anvil-lints"
checksum = "sha256:2dd7c0f21339fd17092b8dedfe924aa86732c3520baab84f914c2d8f4103ac40"

[[region]]
host = "crates/plurality/Cargo.toml"
id = "anvil-lints"
checksum = "sha256:2dd7c0f21339fd17092b8dedfe924aa86732c3520baab84f914c2d8f4103ac40"

[[region]]
host = "crates/recoverable/Cargo.toml"
id = "anvil-lints"
checksum = "sha256:2dd7c0f21339fd17092b8dedfe924aa86732c3520baab84f914c2d8f4103ac40"

[[region]]
host = "crates/seatbelt/Cargo.toml"
id = "anvil-lints"
checksum = "sha256:2dd7c0f21339fd17092b8dedfe924aa86732c3520baab84f914c2d8f4103ac40"

[[region]]
host = "crates/seatbelt_http/Cargo.toml"
id = "anvil-lints"
checksum = "sha256:2dd7c0f21339fd17092b8dedfe924aa86732c3520baab84f914c2d8f4103ac40"

[[region]]
host = "crates/templated_uri/Cargo.toml"
id = "anvil-lints"
checksum = "sha256:2dd7c0f21339fd17092b8dedfe924aa86732c3520baab84f914c2d8f4103ac40"

[[region]]
host = "crates/templated_uri_macros/Cargo.toml"
id = "anvil-lints"
checksum = "sha256:2dd7c0f21339fd17092b8dedfe924aa86732c3520baab84f914c2d8f4103ac40"

[[region]]
host = "crates/templated_uri_macros_impl/Cargo.toml"
id = "anvil-lints"
checksum = "sha256:2dd7c0f21339fd17092b8dedfe924aa86732c3520baab84f914c2d8f4103ac40"

[[region]]
host = "crates/testing_aids/Cargo.toml"
id = "anvil-lints"
checksum = "sha256:2dd7c0f21339fd17092b8dedfe924aa86732c3520baab84f914c2d8f4103ac40"

[[region]]
host = "crates/thread_aware/Cargo.toml"
id = "anvil-lints"
checksum = "sha256:2dd7c0f21339fd17092b8dedfe924aa86732c3520baab84f914c2d8f4103ac40"

[[region]]
host = "crates/thread_aware_macros/Cargo.toml"
id = "anvil-lints"
checksum = "sha256:2dd7c0f21339fd17092b8dedfe924aa86732c3520baab84f914c2d8f4103ac40"

[[region]]
host = "crates/thread_aware_macros_impl/Cargo.toml"
id = "anvil-lints"
checksum = "sha256:2dd7c0f21339fd17092b8dedfe924aa86732c3520baab84f914c2d8f4103ac40"

[[region]]
host = "crates/tick/Cargo.toml"
id = "anvil-lints"
checksum = "sha256:2dd7c0f21339fd17092b8dedfe924aa86732c3520baab84f914c2d8f4103ac40"

[[region]]
host = "crates/uniflight/Cargo.toml"
id = "anvil-lints"
checksum = "sha256:2dd7c0f21339fd17092b8dedfe924aa86732c3520baab84f914c2d8f4103ac40"

[[region]]
host = "deny.toml"
id = "anvil-deny-advisories"
checksum = "sha256:33c41d1b48567b929fc485915ba8465be2a0fc7186b321fcd55dda2330572b6b"

[[region]]
host = "deny.toml"
id = "anvil-deny-bans"
checksum = "sha256:bd5763f09562715dcdeaf0b5c11c24c8c4e214cc14f6d0ddfe13d30a7ea03880"

[[region]]
host = "deny.toml"
id = "anvil-deny-licenses"
checksum = "sha256:46d7144a403be402bceeabc48e2e0c3b9bd1738339712d4e90b04d6fdab5cabe"

[[region]]
host = "deny.toml"
id = "anvil-deny-sources"
checksum = "sha256:920e1e1fed8cf6ac2173cb489d19153d167e806d26fdb73c8b91b7ddf44d0815"

[[region]]
host = "justfile"
id = "anvil-imports"
checksum = "sha256:f8affd59b69c7083c2f3b6f593c63672116dda974c1e661dcb66a4412eb3eada"

[[region]]
host = "rustfmt.toml"
id = "anvil-rustfmt"
checksum = "sha256:c21c68f3f9e46e8a958513e80ebce393d2e2ec8b90e2ded5416bca4215ffa8b7"

[[region]]
host = "spellcheck.toml"
id = "anvil-spellcheck"
checksum = "sha256:3d85d17a4e9a9a6770738b67d93a801375ffadd159e506eef81e5a9ffe1da0d7"
