version = 1
tool = "anvil"
tool_version = "0.5.0"
catalog_checksum = "sha256:64436c7a20508d0413fa5659e80cd5afe3d272096be6e892c46c33b169af5d0c"

[[file]]
path = ".anvil/container/Containerfile"
checksum = "sha256:4c343282b4e773978ff29b7d39e3a0955975bf64ad3e63afe1aa53e51be42916"

[[file]]
path = ".anvil/container/Containerfile.dockerignore"
checksum = "sha256:359c2bd70d599ff1e5674eae2af5bb35f344f78e642da7024cfdc6efc5d345da"

[[file]]
path = ".anvil/container/README.md"
checksum = "sha256:ea255c3659e17dee291ded4633394d080c5aae8bd6e3e87295f27ffab5f428bc"

[[file]]
path = ".anvil/container/entrypoint.sh"
checksum = "sha256:09576bca317f5a413572f6626fc052214f885589f0547ed0b0c044b92cc402e7"

[[file]]
path = ".anvil/container/image-id.ps1"
checksum = "sha256:8cdd2dd9cdfb037d768802e4dda7d1156f626dc711663e6bc39fbb86d1ce2e04"

[[file]]
path = ".anvil/container/image-id.sh"
checksum = "sha256:b526a643e42902dd1e8acff65529fb63741760f72c14b123e9747394158faf53"

[[file]]
path = ".anvil/container/run-in-container.ps1"
checksum = "sha256:34da3c0d0defc55523d0b46722d2f3c49796875f01d277790075af8efabacdb5"

[[file]]
path = ".anvil/container/run-in-container.sh"
checksum = "sha256:bf4a21ac097d34b6b4b3a4a507455dda96052980228b6145ce6d33c8e4674317"

[[file]]
path = ".github/actions/anvil-impact/action.yml"
checksum = "sha256:ac509263f374f4b41270f92969e77b3352f815609e518ac8d6cd3d1a126649cc"

[[file]]
path = ".github/actions/anvil-report-status/action.yml"
checksum = "sha256:9940d1947482150ac08fcb9b4150da99f5ae60642f4caeea137577ce0e709e08"

[[file]]
path = ".github/actions/anvil-run-group/action.yml"
checksum = "sha256:b6ea795dbdc88145a7cc02199134e95cd8baa052f95a8913308630bbd3928a10"

[[file]]
path = ".github/actions/anvil-setup/action.yml"
checksum = "sha256:07a77c9984b68a587fe3abdacc19f3ac3b9d3a5f973571ce9a351d6d4866dcc5"

[[file]]
path = ".github/actions/anvil-setup/just-problem-matcher.json"
checksum = "sha256:ea44d5e1a2cb1471cf2cef05eceab846d8afa45cf691be800f21fec1218da120"

[[file]]
path = ".github/workflows/anvil-pr-impl.yml"
checksum = "sha256:a743000362364b1b6597e970cc51d2664ba240b7753c8380eed88784b03a13a8"

[[file]]
path = ".github/workflows/anvil-pr.yml"
checksum = "sha256:0c2530d9a38e6a74e0a7fd4f999b4a1790f97de30b58b68c6c2344600da196f2"

[[file]]
path = ".github/workflows/anvil-scheduled-impl.yml"
checksum = "sha256:aef359e2b4509ee2ba8f0d5068ff68950da7b34f0ef184c335fae6d66d998709"

[[file]]
path = ".github/workflows/anvil-scheduled.yml"
checksum = "sha256:d4d3bd645a5586e9a1cc3a5fc27e38c93e59b1e29f83ede0ccd610273eec00f4"

[[file]]
path = "justfiles/anvil/checks/aprz.just"
checksum = "sha256:62d8334b55b0ba3b221550037dec987d9749e773f40df6c0cd18f08164c095bf"

[[file]]
path = "justfiles/anvil/checks/audit.just"
checksum = "sha256:54abf96a320bb4b35a3c0ddf2f30b0f4a30e0673e482ca3a71242fa383536415"

[[file]]
path = "justfiles/anvil/checks/bench.just"
checksum = "sha256:6dae764057f55a13747ccd7b7677d4ff1d508cdacbe79ec5fa4e7370c4af6949"

[[file]]
path = "justfiles/anvil/checks/bolero.just"
checksum = "sha256:e1979e55b6d7ba659df4721fb02eb68c594f8f6965fa2061bf298f4b4bd3451d"

[[file]]
path = "justfiles/anvil/checks/careful.just"
checksum = "sha256:087346bd10ac91f494f9e2fa307d74d97ac0f87382718fda5390470a831407db"

[[file]]
path = "justfiles/anvil/checks/cargo-hack.just"
checksum = "sha256:3e0f0ab3826c4d259fc0bee8465cff17ab390796b584a3b6500f2ef606cfe86d"

[[file]]
path = "justfiles/anvil/checks/cargo-sort.just"
checksum = "sha256:7b5c824fe4ac01d317692d971d314cee1eeb9bdc957d73df990edebb1eace94f"

[[file]]
path = "justfiles/anvil/checks/clippy.just"
checksum = "sha256:467261ac2df18664b5f9833cc58cfd45c48782bb66f9aef8ca217074855b3a68"

[[file]]
path = "justfiles/anvil/checks/deny.just"
checksum = "sha256:4bb4bc0822612e2d2a43689e3f5c7f1190f59ef3db201fad7f3332725ceaef16"

[[file]]
path = "justfiles/anvil/checks/doc-build.just"
checksum = "sha256:17fc5249971172329c8a87dc49b761f9099b2162fdcfdcfa5088b503dae1b359"

[[file]]
path = "justfiles/anvil/checks/doc-test.just"
checksum = "sha256:5955fa4d847dd72f7651c034fb436c5c62fecdaba190f918838a7e643dc38f25"

[[file]]
path = "justfiles/anvil/checks/ensure-no-cyclic-deps.just"
checksum = "sha256:662780e7f256bc229f56ef9ff8388bde2b88305da6dcaa6c3da0178b96bd89d4"

[[file]]
path = "justfiles/anvil/checks/ensure-no-default-features.just"
checksum = "sha256:dd3b6cbb158c50f55643254d5a3d91c81f8a7d031cfda920935d80fe9537b43b"

[[file]]
path = "justfiles/anvil/checks/examples.just"
checksum = "sha256:fd34ede436d8f990f16ef3f5c42e99324e62b39412c199c01501c868a1523c91"

[[file]]
path = "justfiles/anvil/checks/external-types.just"
checksum = "sha256:df84846c336b5bcafff2a13bd2c02cb8eb571962dd29c492cf725f31f0439f46"

[[file]]
path = "justfiles/anvil/checks/fmt.just"
checksum = "sha256:fc2cfea98e5a31348d4fafc47bf020928c525aa9962523aded8882dde475bb39"

[[file]]
path = "justfiles/anvil/checks/license-headers.just"
checksum = "sha256:5143248a4061f9532da807ec9aa29c3229d0da59582eb69dcb55885e8f5b2280"

[[file]]
path = "justfiles/anvil/checks/llvm-cov.just"
checksum = "sha256:06a293357d39171b634939b214c611314d9bed2274dd8b60e4d87c91f50a82cf"

[[file]]
path = "justfiles/anvil/checks/loom.just"
checksum = "sha256:729bb5737837adfcc8a0ac7ed573b19d66d319dd07e265c4430a030b45c0ebb7"

[[file]]
path = "justfiles/anvil/checks/miri-race-coverage.just"
checksum = "sha256:dcd10c385c8dc6b30b8ff2a866a20faa1ddcc6d226ae31fc8df104456e6f39a9"

[[file]]
path = "justfiles/anvil/checks/miri-strict-provenance.just"
checksum = "sha256:2e7bc5d60a7786b2d10c63b1ec759645c788d9d03c1a1388e08396153770b1a1"

[[file]]
path = "justfiles/anvil/checks/miri-tree-borrows.just"
checksum = "sha256:451ecb560e4a13f77d5dfd95810ac2cc24cf5f0df403a589afeda258868fa1d4"

[[file]]
path = "justfiles/anvil/checks/miri.just"
checksum = "sha256:14499aa7e29bc631b1905af5bb9f7d2da2c94646cf6d75f5746f930fa8044fe8"

[[file]]
path = "justfiles/anvil/checks/mutants-diff.just"
checksum = "sha256:3bfed6cfa99fe92bc4dcfe01baeaca6344e80cdc69997808ff4cf466a6e968c0"

[[file]]
path = "justfiles/anvil/checks/mutants-full.just"
checksum = "sha256:9792344e6696f5c63f30fdccb5ef90a3598c56adb7561cec33f074c84ce6f89b"

[[file]]
path = "justfiles/anvil/checks/pr-title.just"
checksum = "sha256:28734aa77526ca5c53d89a32c3e20ae6b42d2032c73ab6a1dbc9831f25cb0f76"

[[file]]
path = "justfiles/anvil/checks/readme-check.just"
checksum = "sha256:fb395f5413de48848f10ab3e4069599c0093a790cb31224776ba41f90c8d50ba"

[[file]]
path = "justfiles/anvil/checks/semver-check.just"
checksum = "sha256:b4376371bcf2bbb0563a74fb38adebd108c6c7ae9247ae3b9f5877ff1becd8f8"

[[file]]
path = "justfiles/anvil/checks/spellcheck.just"
checksum = "sha256:86bb66c426eb332af10941e949204eeb8a4564acb4ec32425fdbb1b34fb04a55"

[[file]]
path = "justfiles/anvil/checks/udeps.just"
checksum = "sha256:dbfde2179d7008f6ee0647aaca37f01241c2f126af7636917381ff3f95bc0dcb"

[[file]]
path = "justfiles/anvil/container.just"
checksum = "sha256:cbec6450a64f800963ea5ba9d2eedfa4e90d91d441307f18d109629f849126ad"

[[file]]
path = "justfiles/anvil/groups/pr-fast.just"
checksum = "sha256:463a188fe046ad8e7bbbc4ce1ac8fab3cfe1381e6c1a180033fcdb466a5ee044"

[[file]]
path = "justfiles/anvil/groups/pr-mutants.just"
checksum = "sha256:db2775585c53737021496bbc3de1f00a3552bf8a3daabeef85afae5ec134d8b9"

[[file]]
path = "justfiles/anvil/groups/pr-runtime-analysis.just"
checksum = "sha256:ca2fbc515da12744660692e63d37b8288147be6a1b8545f5e53fdc98c33e7c59"

[[file]]
path = "justfiles/anvil/groups/pr-slow.just"
checksum = "sha256:8b7c490cb6eb20c31549ef71eb75eac86ae145c8c6380ee1f590ccd81eec48ea"

[[file]]
path = "justfiles/anvil/groups/pr-test.just"
checksum = "sha256:942e2b77d26e75ac877020368fb216d25e224d736a016117c212887b31df0194"

[[file]]
path = "justfiles/anvil/groups/scheduled-advisories.just"
checksum = "sha256:536370378c15ce3843b82c91afd3b6d34dec7328c988a191e714145953d5a2f8"

[[file]]
path = "justfiles/anvil/groups/scheduled-exhaustive.just"
checksum = "sha256:dfae9d2ba1ac2fbddc210cdfdafd4a84ebc44a6bdbf203a60573e4ce2e9c5971"

[[file]]
path = "justfiles/anvil/groups/scheduled-runtime-analysis.just"
checksum = "sha256:8a5bd04fd12464d2fdc798a69cafe81a04728b5cde30772c955739c282e7478e"

[[file]]
path = "justfiles/anvil/groups/scheduled-test.just"
checksum = "sha256:f77629bbc1c73a849d9e2dada2eb5d01a8d3dcade51035c76c1061f513cf5ef2"

[[file]]
path = "justfiles/anvil/helpers.just"
checksum = "sha256:cf6b30b8f4fd10eeb5bb5660c8e60512434fd94405a4fd8ea7399ababa089d3f"

[[file]]
path = "justfiles/anvil/mod.just"
checksum = "sha256:f3bc59e6228858e350d434d0cc76497cde258279772c414feae2b899d5cc5666"

[[file]]
path = "justfiles/anvil/runner.just"
checksum = "sha256:9af5103a050478f14051e34d9b9bfb348f4d0b6173f4e23e9871ce14a4a6317c"

[[file]]
path = "justfiles/anvil/tiers.just"
checksum = "sha256:713c5a2ae28b6b5aa20dd38226278b3b7f71bbc5e6b84a16eaf5244713f27ed9"

[[file]]
path = "justfiles/anvil/tools.just"
checksum = "sha256:a1e44ca16f172b487afa3997f102512733d3b65a4418cf894cbd749a3abc17dc"

[[file]]
path = "justfiles/anvil/versions.just"
checksum = "sha256:acbea93d5117db747537f4f7b9a5eb90b7d3e0dd3e8684cc0e4dc1dcb15ac93e"

[[region]]
host = ".delta.toml"
id = "anvil-delta"
checksum = "sha256:e3b0c44298fc1c149afbf4c8996fb92427ae41e4649b934ca495991b7852b855"

[[region]]
host = ".gitattributes"
id = "anvil-gitattributes"
checksum = "sha256:b91854c7f0e6d14c74751f607d2c0e3dfcefef55f5178bbafae59d47e577aa1a"

[[region]]
host = "Cargo.toml"
id = "anvil-workspace-lints"
checksum = "sha256:8257f8c96103501ef0af020ce686ffcd7333fa5704f701b33758468baa9cdd98"

[[region]]
host = "clippy.toml"
id = "anvil-clippy"
checksum = "sha256:aba0733632eac4cb54c4768db578fe1f7b7cfe730aa0d7dc13e2828c9062d67d"

[[region]]
host = "crates/allocation_hints/Cargo.toml"
id = "anvil-lints"
checksum = "sha256:2dd7c0f21339fd17092b8dedfe924aa86732c3520baab84f914c2d8f4103ac40"

[[region]]
host = "crates/anyspawn/Cargo.toml"
id = "anvil-lints"
checksum = "sha256:2dd7c0f21339fd17092b8dedfe924aa86732c3520baab84f914c2d8f4103ac40"

[[region]]
host = "crates/anyspawn_azure/Cargo.toml"
id = "anvil-lints"
checksum = "sha256:2dd7c0f21339fd17092b8dedfe924aa86732c3520baab84f914c2d8f4103ac40"

[[region]]
host = "crates/arty_executor/Cargo.toml"
id = "anvil-lints"
checksum = "sha256:2dd7c0f21339fd17092b8dedfe924aa86732c3520baab84f914c2d8f4103ac40"

[[region]]
host = "crates/automation/Cargo.toml"
id = "anvil-lints"
checksum = "sha256:2dd7c0f21339fd17092b8dedfe924aa86732c3520baab84f914c2d8f4103ac40"

[[region]]
host = "crates/benchmarking/Cargo.toml"
id = "anvil-lints"
checksum = "sha256:2dd7c0f21339fd17092b8dedfe924aa86732c3520baab84f914c2d8f4103ac40"

[[region]]
host = "crates/bytesbuf/Cargo.toml"
id = "anvil-lints"
checksum = "sha256:2dd7c0f21339fd17092b8dedfe924aa86732c3520baab84f914c2d8f4103ac40"

[[region]]
host = "crates/bytesbuf_io/Cargo.toml"
id = "anvil-lints"
checksum = "sha256:2dd7c0f21339fd17092b8dedfe924aa86732c3520baab84f914c2d8f4103ac40"

[[region]]
host = "crates/cachet/Cargo.toml"
id = "anvil-lints"
checksum = "sha256:2dd7c0f21339fd17092b8dedfe924aa86732c3520baab84f914c2d8f4103ac40"

[[region]]
host = "crates/cachet_memory/Cargo.toml"
id = "anvil-lints"
checksum = "sha256:2dd7c0f21339fd17092b8dedfe924aa86732c3520baab84f914c2d8f4103ac40"

[[region]]
host = "crates/cachet_service/Cargo.toml"
id = "anvil-lints"
checksum = "sha256:2dd7c0f21339fd17092b8dedfe924aa86732c3520baab84f914c2d8f4103ac40"

[[region]]
host = "crates/cachet_tier/Cargo.toml"
id = "anvil-lints"
checksum = "sha256:2dd7c0f21339fd17092b8dedfe924aa86732c3520baab84f914c2d8f4103ac40"

[[region]]
host = "crates/data_privacy/Cargo.toml"
id = "anvil-lints"
checksum = "sha256:2dd7c0f21339fd17092b8dedfe924aa86732c3520baab84f914c2d8f4103ac40"

[[region]]
host = "crates/data_privacy_core/Cargo.toml"
id = "anvil-lints"
checksum = "sha256:2dd7c0f21339fd17092b8dedfe924aa86732c3520baab84f914c2d8f4103ac40"

[[region]]
host = "crates/data_privacy_macros/Cargo.toml"
id = "anvil-lints"
checksum = "sha256:2dd7c0f21339fd17092b8dedfe924aa86732c3520baab84f914c2d8f4103ac40"

[[region]]
host = "crates/data_privacy_macros_impl/Cargo.toml"
id = "anvil-lints"
checksum = "sha256:2dd7c0f21339fd17092b8dedfe924aa86732c3520baab84f914c2d8f4103ac40"

[[region]]
host = "crates/fetch/Cargo.toml"
id = "anvil-lints"
checksum = "sha256:2dd7c0f21339fd17092b8dedfe924aa86732c3520baab84f914c2d8f4103ac40"

[[region]]
host = "crates/fetch_azure/Cargo.toml"
id = "anvil-lints"
checksum = "sha256:2dd7c0f21339fd17092b8dedfe924aa86732c3520baab84f914c2d8f4103ac40"

[[region]]
host = "crates/fetch_hyper/Cargo.toml"
id = "anvil-lints"
checksum = "sha256:2dd7c0f21339fd17092b8dedfe924aa86732c3520baab84f914c2d8f4103ac40"

[[region]]
host = "crates/fetch_options/Cargo.toml"
id = "anvil-lints"
checksum = "sha256:2dd7c0f21339fd17092b8dedfe924aa86732c3520baab84f914c2d8f4103ac40"

[[region]]
host = "crates/fetch_tls/Cargo.toml"
id = "anvil-lints"
checksum = "sha256:2dd7c0f21339fd17092b8dedfe924aa86732c3520baab84f914c2d8f4103ac40"

[[region]]
host = "crates/fetch_winhttp/Cargo.toml"
id = "anvil-lints"
checksum = "sha256:2dd7c0f21339fd17092b8dedfe924aa86732c3520baab84f914c2d8f4103ac40"

[[region]]
host = "crates/fetch_winhttp_impl/Cargo.toml"
id = "anvil-lints"
checksum = "sha256:2dd7c0f21339fd17092b8dedfe924aa86732c3520baab84f914c2d8f4103ac40"

[[region]]
host = "crates/fundle/Cargo.toml"
id = "anvil-lints"
checksum = "sha256:2dd7c0f21339fd17092b8dedfe924aa86732c3520baab84f914c2d8f4103ac40"

[[region]]
host = "crates/fundle_macros/Cargo.toml"
id = "anvil-lints"
checksum = "sha256:2dd7c0f21339fd17092b8dedfe924aa86732c3520baab84f914c2d8f4103ac40"

[[region]]
host = "crates/fundle_macros_impl/Cargo.toml"
id = "anvil-lints"
checksum = "sha256:2dd7c0f21339fd17092b8dedfe924aa86732c3520baab84f914c2d8f4103ac40"

[[region]]
host = "crates/http_extensions/Cargo.toml"
id = "anvil-lints"
checksum = "sha256:2dd7c0f21339fd17092b8dedfe924aa86732c3520baab84f914c2d8f4103ac40"

[[region]]
host = "crates/http_path_template/Cargo.toml"
id = "anvil-lints"
checksum = "sha256:2dd7c0f21339fd17092b8dedfe924aa86732c3520baab84f914c2d8f4103ac40"

[[region]]
host = "crates/internity/Cargo.toml"
id = "anvil-lints"
checksum = "sha256:2dd7c0f21339fd17092b8dedfe924aa86732c3520baab84f914c2d8f4103ac40"

[[region]]
host = "crates/internity_macros/Cargo.toml"
id = "anvil-lints"
checksum = "sha256:2dd7c0f21339fd17092b8dedfe924aa86732c3520baab84f914c2d8f4103ac40"

[[region]]
host = "crates/internity_macros_impl/Cargo.toml"
id = "anvil-lints"
checksum = "sha256:2dd7c0f21339fd17092b8dedfe924aa86732c3520baab84f914c2d8f4103ac40"

[[region]]
host = "crates/layered/Cargo.toml"
id = "anvil-lints"
checksum = "sha256:2dd7c0f21339fd17092b8dedfe924aa86732c3520baab84f914c2d8f4103ac40"

[[region]]
host = "crates/msvc_spectre_libs/Cargo.toml"
id = "anvil-lints"
checksum = "sha256:2dd7c0f21339fd17092b8dedfe924aa86732c3520baab84f914c2d8f4103ac40"

[[region]]
host = "crates/msvc_spectre_libs_build/Cargo.toml"
id = "anvil-lints"
checksum = "sha256:2dd7c0f21339fd17092b8dedfe924aa86732c3520baab84f914c2d8f4103ac40"

[[region]]
host = "crates/multitude/Cargo.toml"
id = "anvil-lints"
checksum = "sha256:2dd7c0f21339fd17092b8dedfe924aa86732c3520baab84f914c2d8f4103ac40"

[[region]]
host = "crates/multitude_macros/Cargo.toml"
id = "anvil-lints"
checksum = "sha256:2dd7c0f21339fd17092b8dedfe924aa86732c3520baab84f914c2d8f4103ac40"

[[region]]
host = "crates/multitude_macros_impl/Cargo.toml"
id = "anvil-lints"
checksum = "sha256:2dd7c0f21339fd17092b8dedfe924aa86732c3520baab84f914c2d8f4103ac40"

[[region]]
host = "crates/observed/Cargo.toml"
id = "anvil-lints"
checksum = "sha256:2dd7c0f21339fd17092b8dedfe924aa86732c3520baab84f914c2d8f4103ac40"

[[region]]
host = "crates/observed_macros/Cargo.toml"
id = "anvil-lints"
checksum = "sha256:2dd7c0f21339fd17092b8dedfe924aa86732c3520baab84f914c2d8f4103ac40"

[[region]]
host = "crates/observed_macros_impl/Cargo.toml"
id = "anvil-lints"
checksum = "sha256:2dd7c0f21339fd17092b8dedfe924aa86732c3520baab84f914c2d8f4103ac40"

[[region]]
host = "crates/observed_testing/Cargo.toml"
id = "anvil-lints"
checksum = "sha256:2dd7c0f21339fd17092b8dedfe924aa86732c3520baab84f914c2d8f4103ac40"

[[region]]
host = "crates/observed_utils/Cargo.toml"
id = "anvil-lints"
checksum = "sha256:2dd7c0f21339fd17092b8dedfe924aa86732c3520baab84f914c2d8f4103ac40"

[[region]]
host = "crates/ohno/Cargo.toml"
id = "anvil-lints"
checksum = "sha256:2dd7c0f21339fd17092b8dedfe924aa86732c3520baab84f914c2d8f4103ac40"

[[region]]
host = "crates/ohno_macros/Cargo.toml"
id = "anvil-lints"
checksum = "sha256:2dd7c0f21339fd17092b8dedfe924aa86732c3520baab84f914c2d8f4103ac40"

[[region]]
host = "crates/ohno_macros_impl/Cargo.toml"
id = "anvil-lints"
checksum = "sha256:2dd7c0f21339fd17092b8dedfe924aa86732c3520baab84f914c2d8f4103ac40"

[[region]]
host = "crates/plurality/Cargo.toml"
id = "anvil-lints"
checksum = "sha256:2dd7c0f21339fd17092b8dedfe924aa86732c3520baab84f914c2d8f4103ac40"

[[region]]
host = "crates/rallocator/Cargo.toml"
id = "anvil-lints"
checksum = "sha256:2dd7c0f21339fd17092b8dedfe924aa86732c3520baab84f914c2d8f4103ac40"

[[region]]
host = "crates/rallocator_cli/Cargo.toml"
id = "anvil-lints"
checksum = "sha256:2dd7c0f21339fd17092b8dedfe924aa86732c3520baab84f914c2d8f4103ac40"

[[region]]
host = "crates/rallocator_telemetry/Cargo.toml"
id = "anvil-lints"
checksum = "sha256:2dd7c0f21339fd17092b8dedfe924aa86732c3520baab84f914c2d8f4103ac40"

[[region]]
host = "crates/rallocator_wire/Cargo.toml"
id = "anvil-lints"
checksum = "sha256:2dd7c0f21339fd17092b8dedfe924aa86732c3520baab84f914c2d8f4103ac40"

[[region]]
host = "crates/recoverable/Cargo.toml"
id = "anvil-lints"
checksum = "sha256:2dd7c0f21339fd17092b8dedfe924aa86732c3520baab84f914c2d8f4103ac40"

[[region]]
host = "crates/rest_over_grpc/Cargo.toml"
id = "anvil-lints"
checksum = "sha256:2dd7c0f21339fd17092b8dedfe924aa86732c3520baab84f914c2d8f4103ac40"

[[region]]
host = "crates/rest_over_grpc_examples/Cargo.toml"
id = "anvil-lints"
checksum = "sha256:2dd7c0f21339fd17092b8dedfe924aa86732c3520baab84f914c2d8f4103ac40"

[[region]]
host = "crates/rest_over_grpc_tests/Cargo.toml"
id = "anvil-lints"
checksum = "sha256:2dd7c0f21339fd17092b8dedfe924aa86732c3520baab84f914c2d8f4103ac40"

[[region]]
host = "crates/routerama/Cargo.toml"
id = "anvil-lints"
checksum = "sha256:2dd7c0f21339fd17092b8dedfe924aa86732c3520baab84f914c2d8f4103ac40"

[[region]]
host = "crates/routerama_build/Cargo.toml"
id = "anvil-lints"
checksum = "sha256:2dd7c0f21339fd17092b8dedfe924aa86732c3520baab84f914c2d8f4103ac40"

[[region]]
host = "crates/routerama_macros/Cargo.toml"
id = "anvil-lints"
checksum = "sha256:2dd7c0f21339fd17092b8dedfe924aa86732c3520baab84f914c2d8f4103ac40"

[[region]]
host = "crates/seatbelt/Cargo.toml"
id = "anvil-lints"
checksum = "sha256:2dd7c0f21339fd17092b8dedfe924aa86732c3520baab84f914c2d8f4103ac40"

[[region]]
host = "crates/seatbelt_http/Cargo.toml"
id = "anvil-lints"
checksum = "sha256:2dd7c0f21339fd17092b8dedfe924aa86732c3520baab84f914c2d8f4103ac40"

[[region]]
host = "crates/templated_uri/Cargo.toml"
id = "anvil-lints"
checksum = "sha256:2dd7c0f21339fd17092b8dedfe924aa86732c3520baab84f914c2d8f4103ac40"

[[region]]
host = "crates/templated_uri_macros/Cargo.toml"
id = "anvil-lints"
checksum = "sha256:2dd7c0f21339fd17092b8dedfe924aa86732c3520baab84f914c2d8f4103ac40"

[[region]]
host = "crates/templated_uri_macros_impl/Cargo.toml"
id = "anvil-lints"
checksum = "sha256:2dd7c0f21339fd17092b8dedfe924aa86732c3520baab84f914c2d8f4103ac40"

[[region]]
host = "crates/testing_aids/Cargo.toml"
id = "anvil-lints"
checksum = "sha256:2dd7c0f21339fd17092b8dedfe924aa86732c3520baab84f914c2d8f4103ac40"

[[region]]
host = "crates/thread_aware/Cargo.toml"
id = "anvil-lints"
checksum = "sha256:2dd7c0f21339fd17092b8dedfe924aa86732c3520baab84f914c2d8f4103ac40"

[[region]]
host = "crates/thread_aware_benchmarking/Cargo.toml"
id = "anvil-lints"
checksum = "sha256:2dd7c0f21339fd17092b8dedfe924aa86732c3520baab84f914c2d8f4103ac40"

[[region]]
host = "crates/thread_aware_macros/Cargo.toml"
id = "anvil-lints"
checksum = "sha256:2dd7c0f21339fd17092b8dedfe924aa86732c3520baab84f914c2d8f4103ac40"

[[region]]
host = "crates/thread_aware_macros_impl/Cargo.toml"
id = "anvil-lints"
checksum = "sha256:2dd7c0f21339fd17092b8dedfe924aa86732c3520baab84f914c2d8f4103ac40"

[[region]]
host = "crates/tick/Cargo.toml"
id = "anvil-lints"
checksum = "sha256:2dd7c0f21339fd17092b8dedfe924aa86732c3520baab84f914c2d8f4103ac40"

[[region]]
host = "crates/uniflight/Cargo.toml"
id = "anvil-lints"
checksum = "sha256:2dd7c0f21339fd17092b8dedfe924aa86732c3520baab84f914c2d8f4103ac40"

[[region]]
host = "deny.toml"
id = "anvil-deny-advisories"
checksum = "sha256:33c41d1b48567b929fc485915ba8465be2a0fc7186b321fcd55dda2330572b6b"

[[region]]
host = "deny.toml"
id = "anvil-deny-bans"
checksum = "sha256:bd5763f09562715dcdeaf0b5c11c24c8c4e214cc14f6d0ddfe13d30a7ea03880"

[[region]]
host = "deny.toml"
id = "anvil-deny-licenses"
checksum = "sha256:46d7144a403be402bceeabc48e2e0c3b9bd1738339712d4e90b04d6fdab5cabe"

[[region]]
host = "deny.toml"
id = "anvil-deny-sources"
checksum = "sha256:920e1e1fed8cf6ac2173cb489d19153d167e806d26fdb73c8b91b7ddf44d0815"

[[region]]
host = "justfile"
id = "anvil-imports"
checksum = "sha256:f8affd59b69c7083c2f3b6f593c63672116dda974c1e661dcb66a4412eb3eada"

[[region]]
host = "justfile"
id = "anvil-runner"
checksum = "sha256:a31c6dd3fc8402e1e89fcf1948e03103e0dc66fbb988c34510eddeded5a67b0e"

[[region]]
host = "rustfmt.toml"
id = "anvil-rustfmt"
checksum = "sha256:c21c68f3f9e46e8a958513e80ebce393d2e2ec8b90e2ded5416bca4215ffa8b7"

[[region]]
host = "spellcheck.toml"
id = "anvil-spellcheck"
checksum = "sha256:3d85d17a4e9a9a6770738b67d93a801375ffadd159e506eef81e5a9ffe1da0d7"
