# This file is automatically @generated by Cargo.
# It is not intended for manual editing.
version = 4

[[package]]
name = "crate_x"
version = "0.1.0"
dependencies = [
 "crate_y",
 "crate_z",
]

[[package]]
name = "crate_y"
version = "0.1.0"
dependencies = [
 "crate_z",
]

[[package]]
name = "crate_z"
version = "0.1.0"
